
Microsoft Visual Studio Solution File, Format Version 12.00
# Visual Studio Version 16
VisualStudioVersion = 16.0.31112.23
MinimumVisualStudioVersion = 10.0.40219.1
Project("{2150E333-8FDC-42A3-9474-1A3956D46DE8}") = "src", "src", "{4FAFC3AE-05CB-4999-97E8-2D516CBFDA73}"
EndProject
Project("{9A19103F-16F7-4668-BE54-9A1E7A4F7556}") = "API", "src\API\API.csproj", "{6104FA46-266E-4C4D-97AB-FD9A2640E325}"
EndProject
Project("{9A19103F-16F7-4668-BE54-9A1E7A4F7556}") = "Application", "src\Application\Application.csproj", "{1687E253-E75A-4EF3-AD78-D654AF05F5EF}"
EndProject
Project("{9A19103F-16F7-4668-BE54-9A1E7A4F7556}") = "Infrastructure", "src\Infrastructure\Infrastructure.csproj", "{F51F841C-A336-4397-9DA7-1284D7B4DB1F}"
EndProject
Project("{9A19103F-16F7-4668-BE54-9A1E7A4F7556}") = "Infrastructure.Data", "src\Infrastructure.Data\Infrastructure.Data.csproj", "{06C76A86-0C54-455A-90A9-BB6431CBB545}"
EndProject
Project("{9A19103F-16F7-4668-BE54-9A1E7A4F7556}") = "Domain", "src\Domian\Domain.csproj", "{7CD055C7-23BA-4E21-9D92-D3ECDAB301CC}"
EndProject
Project("{2150E333-8FDC-42A3-9474-1A3956D46DE8}") = "tests", "tests", "{563C770E-383D-4C53-A72E-897EA3206BEC}"
EndProject
Project("{2150E333-8FDC-42A3-9474-1A3956D46DE8}") = "UnitTests", "UnitTests", "{B1DE33F0-F4CD-4E64-8EB3-2D8963A3CA1E}"
EndProject
Project("{9A19103F-16F7-4668-BE54-9A1E7A4F7556}") = "SampleTest", "tests\UnitTests\SampleTest\SampleTest.csproj", "{FF0A6AD4-BAB0-4471-9950-94901306A58A}"
EndProject
Global
	GlobalSection(SolutionConfigurationPlatforms) = preSolution
		Debug|Any CPU = Debug|Any CPU
		Release|Any CPU = Release|Any CPU
	EndGlobalSection
	GlobalSection(ProjectConfigurationPlatforms) = postSolution
		{6104FA46-266E-4C4D-97AB-FD9A2640E325}.Debug|Any CPU.ActiveCfg = Debug|Any CPU
		{6104FA46-266E-4C4D-97AB-FD9A2640E325}.Debug|Any CPU.Build.0 = Debug|Any CPU
		{6104FA46-266E-4C4D-97AB-FD9A2640E325}.Release|Any CPU.ActiveCfg = Release|Any CPU
		{6104FA46-266E-4C4D-97AB-FD9A2640E325}.Release|Any CPU.Build.0 = Release|Any CPU
		{1687E253-E75A-4EF3-AD78-D654AF05F5EF}.Debug|Any CPU.ActiveCfg = Debug|Any CPU
		{1687E253-E75A-4EF3-AD78-D654AF05F5EF}.Debug|Any CPU.Build.0 = Debug|Any CPU
		{1687E253-E75A-4EF3-AD78-D654AF05F5EF}.Release|Any CPU.ActiveCfg = Release|Any CPU
		{1687E253-E75A-4EF3-AD78-D654AF05F5EF}.Release|Any CPU.Build.0 = Release|Any CPU
		{F51F841C-A336-4397-9DA7-1284D7B4DB1F}.Debug|Any CPU.ActiveCfg = Debug|Any CPU
		{F51F841C-A336-4397-9DA7-1284D7B4DB1F}.Debug|Any CPU.Build.0 = Debug|Any CPU
		{F51F841C-A336-4397-9DA7-1284D7B4DB1F}.Release|Any CPU.ActiveCfg = Release|Any CPU
		{F51F841C-A336-4397-9DA7-1284D7B4DB1F}.Release|Any CPU.Build.0 = Release|Any CPU
		{06C76A86-0C54-455A-90A9-BB6431CBB545}.Debug|Any CPU.ActiveCfg = Debug|Any CPU
		{06C76A86-0C54-455A-90A9-BB6431CBB545}.Debug|Any CPU.Build.0 = Debug|Any CPU
		{06C76A86-0C54-455A-90A9-BB6431CBB545}.Release|Any CPU.ActiveCfg = Release|Any CPU
		{06C76A86-0C54-455A-90A9-BB6431CBB545}.Release|Any CPU.Build.0 = Release|Any CPU
		{7CD055C7-23BA-4E21-9D92-D3ECDAB301CC}.Debug|Any CPU.ActiveCfg = Debug|Any CPU
		{7CD055C7-23BA-4E21-9D92-D3ECDAB301CC}.Debug|Any CPU.Build.0 = Debug|Any CPU
		{7CD055C7-23BA-4E21-9D92-D3ECDAB301CC}.Release|Any CPU.ActiveCfg = Release|Any CPU
		{7CD055C7-23BA-4E21-9D92-D3ECDAB301CC}.Release|Any CPU.Build.0 = Release|Any CPU
		{FF0A6AD4-BAB0-4471-9950-94901306A58A}.Debug|Any CPU.ActiveCfg = Debug|Any CPU
		{FF0A6AD4-BAB0-4471-9950-94901306A58A}.Debug|Any CPU.Build.0 = Debug|Any CPU
		{FF0A6AD4-BAB0-4471-9950-94901306A58A}.Release|Any CPU.ActiveCfg = Release|Any CPU
		{FF0A6AD4-BAB0-4471-9950-94901306A58A}.Release|Any CPU.Build.0 = Release|Any CPU
	EndGlobalSection
	GlobalSection(SolutionProperties) = preSolution
		HideSolutionNode = FALSE
	EndGlobalSection
	GlobalSection(NestedProjects) = preSolution
		{6104FA46-266E-4C4D-97AB-FD9A2640E325} = {4FAFC3AE-05CB-4999-97E8-2D516CBFDA73}
		{1687E253-E75A-4EF3-AD78-D654AF05F5EF} = {4FAFC3AE-05CB-4999-97E8-2D516CBFDA73}
		{F51F841C-A336-4397-9DA7-1284D7B4DB1F} = {4FAFC3AE-05CB-4999-97E8-2D516CBFDA73}
		{06C76A86-0C54-455A-90A9-BB6431CBB545} = {4FAFC3AE-05CB-4999-97E8-2D516CBFDA73}
		{7CD055C7-23BA-4E21-9D92-D3ECDAB301CC} = {4FAFC3AE-05CB-4999-97E8-2D516CBFDA73}
		{B1DE33F0-F4CD-4E64-8EB3-2D8963A3CA1E} = {563C770E-383D-4C53-A72E-897EA3206BEC}
		{FF0A6AD4-BAB0-4471-9950-94901306A58A} = {B1DE33F0-F4CD-4E64-8EB3-2D8963A3CA1E}
	EndGlobalSection
	GlobalSection(ExtensibilityGlobals) = postSolution
		SolutionGuid = {89A01E19-B045-4C2E-8876-F08DE5C5197D}
	EndGlobalSection
EndGlobal
